{
    "_readme": [
        "This file locks the dependencies of your project to a known state",
        "Read more about it at http://getcomposer.org/doc/01-basic-usage.md#composer-lock-the-lock-file",
        "This file is @generated automatically"
    ],
    "hash": "942b2361ff8fcc2059155b14b530e911",
    "packages": [
        {
            "name": "bulton-fr/bfw",
            "version": "2.1.0",
            "source": {
                "type": "git",
                "url": "https://github.com/bulton-fr/bfw.git",
                "reference": "0f8b2b2201f87a96cedfcacc21443c0085bcfe86"
            },
            "dist": {
                "type": "zip",
                "url": "https://api.github.com/repos/bulton-fr/bfw/zipball/0f8b2b2201f87a96cedfcacc21443c0085bcfe86",
                "reference": "0f8b2b2201f87a96cedfcacc21443c0085bcfe86",
                "shasum": ""
            },
            "require": {
                "php": ">=5.3.0"
            },
            "suggest": {
                "bulton-fr/bfw-controller": "@stable",
                "bulton-fr/bfw-sql": "@stable",
                "bulton-fr/bfw-template": "@stable",
                "ext-memcache": "*",
                "lib-memcache": "*"
            },
            "bin": [
                "bin/bfw_install",
                "bin/bfw_loadModules"
            ],
            "type": "library",
            "autoload": {
                "psr-4": {
                    "BFW\\": "src/classes/",
                    "BFWInterface\\": "src/interfaces/"
                }
            },
            "notification-url": "https://packagist.org/downloads/",
            "license": [
                "LGPL-3.0"
            ],
            "authors": [
                {
                    "name": "Vermeulen Maxime / Bulton",
                    "email": "bulton.fr@bulton.fr",
                    "homepage": "http://www.bulton.fr"
                }
            ],
            "description": "Framework PHP5.3",
            "homepage": "https://github.com/bulton-fr/bfw",
            "keywords": [
                "Simple",
                "framework",
                "php"
            ],
            "time": "2014-02-07 00:00:00"
        },
        {
            "name": "saltybeagle/savant3",
            "version": "dev-master",
            "source": {
                "type": "git",
                "url": "https://github.com/saltybeagle/Savant3.git",
                "reference": "ebf4385bf44bec8c7a169571ac178f626017c466"
            },
            "dist": {
                "type": "zip",
                "url": "https://api.github.com/repos/saltybeagle/Savant3/zipball/ebf4385bf44bec8c7a169571ac178f626017c466",
                "reference": "ebf4385bf44bec8c7a169571ac178f626017c466",
                "shasum": ""
            },
            "type": "library",
            "autoload": {
                "classmap": [
                    "Savant3.php",
                    "Savant3",
                    "Savant3/resources"
                ]
            },
            "notification-url": "https://packagist.org/downloads/",
            "license": [
                "LGPL"
            ],
            "authors": [
                {
                    "name": "Brett Bieber",
                    "email": "brett.bieber@gmail.com"
                }
            ],
            "description": "Savant3 template engine",
            "time": "2014-01-07 17:10:32"
        }
    ],
    "packages-dev": [],
    "aliases": [],
    "minimum-stability": "stable",
    "stability-flags": {
        "saltybeagle/savant3": 20
    },
    "prefer-stable": false,
    "platform": {
        "php": ">=5.3.0"
    },
    "platform-dev": []
}
